# generated by rye
# use `rye lock` or `rye sync` to update this lockfile
#
# last locked with the following flags:
#   pre: false
#   features: []
#   all-features: false
#   with-sources: false
#   generate-hashes: false

-e file:.
absl-py==2.1.0
    # via chex
    # via optax
beartype==0.18.5
    # via differt2d
chex==0.1.86
    # via optax
contourpy==1.2.1
    # via matplotlib
cycler==0.12.1
    # via matplotlib
differt-core==0.0.17
    # via differt2d
equinox==0.11.4
    # via differt2d
fonttools==4.51.0
    # via matplotlib
jax==0.4.28
    # via chex
    # via differt2d
    # via equinox
    # via optax
jaxlib==0.4.28
    # via chex
    # via optax
jaxtyping==0.2.28
    # via differt2d
    # via equinox
kiwisolver==1.4.5
    # via matplotlib
matplotlib==3.8.4
    # via differt2d
ml-dtypes==0.4.0
    # via jax
    # via jaxlib
numpy==2.0.0
    # via chex
    # via contourpy
    # via differt-core
    # via differt2d
    # via jax
    # via jaxlib
    # via jaxtyping
    # via matplotlib
    # via ml-dtypes
    # via opt-einsum
    # via optax
    # via scipy
opt-einsum==3.3.0
    # via jax
optax==0.2.2
    # via differt2d
packaging==24.0
    # via matplotlib
pillow==10.3.0
    # via matplotlib
pyparsing==3.1.2
    # via matplotlib
python-dateutil==2.9.0.post0
    # via matplotlib
scipy==1.13.0
    # via jax
    # via jaxlib
six==1.16.0
    # via python-dateutil
toolz==0.12.1
    # via chex
typeguard==2.13.3
    # via jaxtyping
typing-extensions==4.11.0
    # via chex
    # via equinox
